
Microsoft Visual Studio Solution File, Format Version 12.00
# Visual Studio Version 16
VisualStudioVersion = 16.0.31025.194
MinimumVisualStudioVersion = 10.0.40219.1
Project("{FAE04EC0-301F-11D3-BF4B-00C04F79EFBC}") = "PizzaOrder", "PizzaOrder\PizzaOrder.csproj", "{E079B8C1-4A40-4CD1-83A8-3EDFDA577D53}"
EndProject
Global
	GlobalSection(SolutionConfigurationPlatforms) = preSolution
		Debug|Any CPU = Debug|Any CPU
		Release|Any CPU = Release|Any CPU
	EndGlobalSection
	GlobalSection(ProjectConfigurationPlatforms) = postSolution
		{E079B8C1-4A40-4CD1-83A8-3EDFDA577D53}.Debug|Any CPU.ActiveCfg = Debug|Any CPU
		{E079B8C1-4A40-4CD1-83A8-3EDFDA577D53}.Debug|Any CPU.Build.0 = Debug|Any CPU
		{E079B8C1-4A40-4CD1-83A8-3EDFDA577D53}.Release|Any CPU.ActiveCfg = Release|Any CPU
		{E079B8C1-4A40-4CD1-83A8-3EDFDA577D53}.Release|Any CPU.Build.0 = Release|Any CPU
	EndGlobalSection
	GlobalSection(SolutionProperties) = preSolution
		HideSolutionNode = FALSE
	EndGlobalSection
	GlobalSection(ExtensibilityGlobals) = postSolution
		SolutionGuid = {7FF7DFE6-836A-42AD-A367-2D58A2F1DFA7}
	EndGlobalSection
EndGlobal
